// !$*UTF8*$!
{
	archiveVersion = 1;
	classes = {
	};
	objectVersion = 50;
	objects = {

/* Begin PBXBuildFile section */
		0D42C85A23E852460019880B /* TopPostsProvider.swift in Sources */ = {isa = PBXBuildFile; fileRef = 0D42C85923E852460019880B /* TopPostsProvider.swift */; };
		0D42C85D23E852EE0019880B /* TopPostsProviderStub.swift in Sources */ = {isa = PBXBuildFile; fileRef = 0D42C85C23E852EE0019880B /* TopPostsProviderStub.swift */; };
		0D42C86123E853A40019880B /* RedditAPITopPostsProvider.swift in Sources */ = {isa = PBXBuildFile; fileRef = 0D42C86023E853A40019880B /* RedditAPITopPostsProvider.swift */; };
		0D42C86523E855A40019880B /* XibView.swift in Sources */ = {isa = PBXBuildFile; fileRef = 0D42C86423E855A40019880B /* XibView.swift */; };
		0D42C86923E855D70019880B /* RedditPostRemoteImageView.swift in Sources */ = {isa = PBXBuildFile; fileRef = 0D42C86823E855D70019880B /* RedditPostRemoteImageView.swift */; };
		0D42C86B23E8561E0019880B /* RedditPostRemoteImageView.xib in Resources */ = {isa = PBXBuildFile; fileRef = 0D42C86A23E8561E0019880B /* RedditPostRemoteImageView.xib */; };
		0D42C87023E86CBF0019880B /* RoundedView.swift in Sources */ = {isa = PBXBuildFile; fileRef = 0D42C86F23E86CBF0019880B /* RoundedView.swift */; };
		0D4B12A423E8340500512277 /* AppDelegate.swift in Sources */ = {isa = PBXBuildFile; fileRef = 0D4B12A323E8340500512277 /* AppDelegate.swift */; };
		0D4B12AB23E8340500512277 /* Main.storyboard in Resources */ = {isa = PBXBuildFile; fileRef = 0D4B12A923E8340500512277 /* Main.storyboard */; };
		0D4B12AD23E8340500512277 /* Assets.xcassets in Resources */ = {isa = PBXBuildFile; fileRef = 0D4B12AC23E8340500512277 /* Assets.xcassets */; };
		0D4B12B023E8340500512277 /* LaunchScreen.storyboard in Resources */ = {isa = PBXBuildFile; fileRef = 0D4B12AE23E8340500512277 /* LaunchScreen.storyboard */; };
		0D4B12B823E8369A00512277 /* App.swift in Sources */ = {isa = PBXBuildFile; fileRef = 0D4B12B723E8369A00512277 /* App.swift */; };
		0D4B12BA23E8375D00512277 /* PostsListVC.swift in Sources */ = {isa = PBXBuildFile; fileRef = 0D4B12B923E8375D00512277 /* PostsListVC.swift */; };
		0D4B12BC23E8377600512277 /* PostDetailVC.swift in Sources */ = {isa = PBXBuildFile; fileRef = 0D4B12BB23E8377600512277 /* PostDetailVC.swift */; };
		0D4B12BE23E83AF600512277 /* RedditPost.swift in Sources */ = {isa = PBXBuildFile; fileRef = 0D4B12BD23E83AF600512277 /* RedditPost.swift */; };
		0D4B12C123E83C2900512277 /* PostCell.swift in Sources */ = {isa = PBXBuildFile; fileRef = 0D4B12BF23E83C2900512277 /* PostCell.swift */; };
		0D4B12C223E83C2900512277 /* PostCell.xib in Resources */ = {isa = PBXBuildFile; fileRef = 0D4B12C023E83C2900512277 /* PostCell.xib */; };
/* End PBXBuildFile section */

/* Begin PBXFileReference section */
		0D42C85923E852460019880B /* TopPostsProvider.swift */ = {isa = PBXFileReference; lastKnownFileType = sourcecode.swift; path = TopPostsProvider.swift; sourceTree = "<group>"; };
		0D42C85C23E852EE0019880B /* TopPostsProviderStub.swift */ = {isa = PBXFileReference; lastKnownFileType = sourcecode.swift; path = TopPostsProviderStub.swift; sourceTree = "<group>"; };
		0D42C86023E853A40019880B /* RedditAPITopPostsProvider.swift */ = {isa = PBXFileReference; lastKnownFileType = sourcecode.swift; path = RedditAPITopPostsProvider.swift; sourceTree = "<group>"; };
		0D42C86423E855A40019880B /* XibView.swift */ = {isa = PBXFileReference; lastKnownFileType = sourcecode.swift; path = XibView.swift; sourceTree = "<group>"; };
		0D42C86823E855D70019880B /* RedditPostRemoteImageView.swift */ = {isa = PBXFileReference; lastKnownFileType = sourcecode.swift; path = RedditPostRemoteImageView.swift; sourceTree = "<group>"; };
		0D42C86A23E8561E0019880B /* RedditPostRemoteImageView.xib */ = {isa = PBXFileReference; fileEncoding = 4; lastKnownFileType = file.xib; path = RedditPostRemoteImageView.xib; sourceTree = "<group>"; };
		0D42C86F23E86CBF0019880B /* RoundedView.swift */ = {isa = PBXFileReference; lastKnownFileType = sourcecode.swift; path = RoundedView.swift; sourceTree = "<group>"; };
		0D4B12A023E8340500512277 /* RedditTopPosts.app */ = {isa = PBXFileReference; explicitFileType = wrapper.application; includeInIndex = 0; path = RedditTopPosts.app; sourceTree = BUILT_PRODUCTS_DIR; };
		0D4B12A323E8340500512277 /* AppDelegate.swift */ = {isa = PBXFileReference; lastKnownFileType = sourcecode.swift; path = AppDelegate.swift; sourceTree = "<group>"; };
		0D4B12AA23E8340500512277 /* Base */ = {isa = PBXFileReference; lastKnownFileType = file.storyboard; name = Base; path = Base.lproj/Main.storyboard; sourceTree = "<group>"; };
		0D4B12AC23E8340500512277 /* Assets.xcassets */ = {isa = PBXFileReference; lastKnownFileType = folder.assetcatalog; path = Assets.xcassets; sourceTree = "<group>"; };
		0D4B12AF23E8340500512277 /* Base */ = {isa = PBXFileReference; lastKnownFileType = file.storyboard; name = Base; path = Base.lproj/LaunchScreen.storyboard; sourceTree = "<group>"; };
		0D4B12B123E8340600512277 /* Info.plist */ = {isa = PBXFileReference; lastKnownFileType = text.plist.xml; path = Info.plist; sourceTree = "<group>"; };
		0D4B12B723E8369A00512277 /* App.swift */ = {isa = PBXFileReference; lastKnownFileType = sourcecode.swift; path = App.swift; sourceTree = "<group>"; };
		0D4B12B923E8375D00512277 /* PostsListVC.swift */ = {isa = PBXFileReference; lastKnownFileType = sourcecode.swift; path = PostsListVC.swift; sourceTree = "<group>"; };
		0D4B12BB23E8377600512277 /* PostDetailVC.swift */ = {isa = PBXFileReference; lastKnownFileType = sourcecode.swift; path = PostDetailVC.swift; sourceTree = "<group>"; };
		0D4B12BD23E83AF600512277 /* RedditPost.swift */ = {isa = PBXFileReference; lastKnownFileType = sourcecode.swift; path = RedditPost.swift; sourceTree = "<group>"; };
		0D4B12BF23E83C2900512277 /* PostCell.swift */ = {isa = PBXFileReference; lastKnownFileType = sourcecode.swift; path = PostCell.swift; sourceTree = "<group>"; };
		0D4B12C023E83C2900512277 /* PostCell.xib */ = {isa = PBXFileReference; lastKnownFileType = file.xib; path = PostCell.xib; sourceTree = "<group>"; };
/* End PBXFileReference section */

/* Begin PBXFrameworksBuildPhase section */
		0D4B129D23E8340500512277 /* Frameworks */ = {
			isa = PBXFrameworksBuildPhase;
			buildActionMask = 2147483647;
			files = (
			);
			runOnlyForDeploymentPostprocessing = 0;
		};
/* End PBXFrameworksBuildPhase section */

/* Begin PBXGroup section */
		0D42C85523E846D00019880B /* List */ = {
			isa = PBXGroup;
			children = (
				0D4B12B923E8375D00512277 /* PostsListVC.swift */,
				0D4B12BF23E83C2900512277 /* PostCell.swift */,
				0D4B12C023E83C2900512277 /* PostCell.xib */,
			);
			path = List;
			sourceTree = "<group>";
		};
		0D42C85623E846EE0019880B /* Detail */ = {
			isa = PBXGroup;
			children = (
				0D4B12BB23E8377600512277 /* PostDetailVC.swift */,
			);
			path = Detail;
			sourceTree = "<group>";
		};
		0D42C85723E846FD0019880B /* Posts */ = {
			isa = PBXGroup;
			children = (
				0D42C85823E852380019880B /* Data */,
				0D4B12A923E8340500512277 /* Main.storyboard */,
				0D42C85523E846D00019880B /* List */,
				0D42C85623E846EE0019880B /* Detail */,
			);
			path = Posts;
			sourceTree = "<group>";
		};
		0D42C85823E852380019880B /* Data */ = {
			isa = PBXGroup;
			children = (
				0D42C85B23E852AE0019880B /* TopPostsProvider */,
				0D4B12BD23E83AF600512277 /* RedditPost.swift */,
			);
			path = Data;
			sourceTree = "<group>";
		};
		0D42C85B23E852AE0019880B /* TopPostsProvider */ = {
			isa = PBXGroup;
			children = (
				0D42C85923E852460019880B /* TopPostsProvider.swift */,
				0D42C86023E853A40019880B /* RedditAPITopPostsProvider.swift */,
				0D42C85C23E852EE0019880B /* TopPostsProviderStub.swift */,
			);
			path = TopPostsProvider;
			sourceTree = "<group>";
		};
		0D42C86223E855920019880B /* Foundation */ = {
			isa = PBXGroup;
			children = (
				0D42C86E23E86CB10019880B /* RoundedView */,
				0D42C86323E8559C0019880B /* XibView */,
			);
			path = Foundation;
			sourceTree = "<group>";
		};
		0D42C86323E8559C0019880B /* XibView */ = {
			isa = PBXGroup;
			children = (
				0D42C86423E855A40019880B /* XibView.swift */,
			);
			path = XibView;
			sourceTree = "<group>";
		};
		0D42C86623E855B10019880B /* RedditPostRemoteImageView */ = {
			isa = PBXGroup;
			children = (
				0D42C86823E855D70019880B /* RedditPostRemoteImageView.swift */,
				0D42C86A23E8561E0019880B /* RedditPostRemoteImageView.xib */,
			);
			path = RedditPostRemoteImageView;
			sourceTree = "<group>";
		};
		0D42C86723E855CB0019880B /* SharedUI */ = {
			isa = PBXGroup;
			children = (
				0D42C86623E855B10019880B /* RedditPostRemoteImageView */,
			);
			path = SharedUI;
			sourceTree = "<group>";
		};
		0D42C86E23E86CB10019880B /* RoundedView */ = {
			isa = PBXGroup;
			children = (
				0D42C86F23E86CBF0019880B /* RoundedView.swift */,
			);
			path = RoundedView;
			sourceTree = "<group>";
		};
		0D4B129723E8340500512277 = {
			isa = PBXGroup;
			children = (
				0D42C86223E855920019880B /* Foundation */,
				0D4B12A223E8340500512277 /* RedditTopPosts */,
				0D4B12A123E8340500512277 /* Products */,
			);
			sourceTree = "<group>";
		};
		0D4B12A123E8340500512277 /* Products */ = {
			isa = PBXGroup;
			children = (
				0D4B12A023E8340500512277 /* RedditTopPosts.app */,
			);
			name = Products;
			sourceTree = "<group>";
		};
		0D4B12A223E8340500512277 /* RedditTopPosts */ = {
			isa = PBXGroup;
			children = (
				0D42C86723E855CB0019880B /* SharedUI */,
				0D4B12A323E8340500512277 /* AppDelegate.swift */,
				0D4B12B723E8369A00512277 /* App.swift */,
				0D42C85723E846FD0019880B /* Posts */,
				0D4B12AC23E8340500512277 /* Assets.xcassets */,
				0D4B12AE23E8340500512277 /* LaunchScreen.storyboard */,
				0D4B12B123E8340600512277 /* Info.plist */,
			);
			path = RedditTopPosts;
			sourceTree = "<group>";
		};
/* End PBXGroup section */

/* Begin PBXNativeTarget section */
		0D4B129F23E8340500512277 /* RedditTopPosts */ = {
			isa = PBXNativeTarget;
			buildConfigurationList = 0D4B12B423E8340600512277 /* Build configuration list for PBXNativeTarget "RedditTopPosts" */;
			buildPhases = (
				0D4B129C23E8340500512277 /* Sources */,
				0D4B129D23E8340500512277 /* Frameworks */,
				0D4B129E23E8340500512277 /* Resources */,
			);
			buildRules = (
			);
			dependencies = (
			);
			name = RedditTopPosts;
			productName = RedditTopPosts;
			productReference = 0D4B12A023E8340500512277 /* RedditTopPosts.app */;
			productType = "com.apple.product-type.application";
		};
/* End PBXNativeTarget section */

/* Begin PBXProject section */
		0D4B129823E8340500512277 /* Project object */ = {
			isa = PBXProject;
			attributes = {
				LastSwiftUpdateCheck = 1130;
				LastUpgradeCheck = 1130;
				ORGANIZATIONNAME = "Leandro Linardos";
				TargetAttributes = {
					0D4B129F23E8340500512277 = {
						CreatedOnToolsVersion = 11.3.1;
					};
				};
			};
			buildConfigurationList = 0D4B129B23E8340500512277 /* Build configuration list for PBXProject "RedditTopPosts" */;
			compatibilityVersion = "Xcode 9.3";
			developmentRegion = en;
			hasScannedForEncodings = 0;
			knownRegions = (
				en,
				Base,
			);
			mainGroup = 0D4B129723E8340500512277;
			productRefGroup = 0D4B12A123E8340500512277 /* Products */;
			projectDirPath = "";
			projectRoot = "";
			targets = (
				0D4B129F23E8340500512277 /* RedditTopPosts */,
			);
		};
/* End PBXProject section */

/* Begin PBXResourcesBuildPhase section */
		0D4B129E23E8340500512277 /* Resources */ = {
			isa = PBXResourcesBuildPhase;
			buildActionMask = 2147483647;
			files = (
				0D4B12B023E8340500512277 /* LaunchScreen.storyboard in Resources */,
				0D4B12AD23E8340500512277 /* Assets.xcassets in Resources */,
				0D4B12AB23E8340500512277 /* Main.storyboard in Resources */,
				0D42C86B23E8561E0019880B /* RedditPostRemoteImageView.xib in Resources */,
				0D4B12C223E83C2900512277 /* PostCell.xib in Resources */,
			);
			runOnlyForDeploymentPostprocessing = 0;
		};
/* End PBXResourcesBuildPhase section */

/* Begin PBXSourcesBuildPhase section */
		0D4B129C23E8340500512277 /* Sources */ = {
			isa = PBXSourcesBuildPhase;
			buildActionMask = 2147483647;
			files = (
				0D4B12BE23E83AF600512277 /* RedditPost.swift in Sources */,
				0D4B12BA23E8375D00512277 /* PostsListVC.swift in Sources */,
				0D42C85D23E852EE0019880B /* TopPostsProviderStub.swift in Sources */,
				0D4B12A423E8340500512277 /* AppDelegate.swift in Sources */,
				0D4B12B823E8369A00512277 /* App.swift in Sources */,
				0D42C86923E855D70019880B /* RedditPostRemoteImageView.swift in Sources */,
				0D42C85A23E852460019880B /* TopPostsProvider.swift in Sources */,
				0D42C86123E853A40019880B /* RedditAPITopPostsProvider.swift in Sources */,
				0D42C87023E86CBF0019880B /* RoundedView.swift in Sources */,
				0D4B12BC23E8377600512277 /* PostDetailVC.swift in Sources */,
				0D42C86523E855A40019880B /* XibView.swift in Sources */,
				0D4B12C123E83C2900512277 /* PostCell.swift in Sources */,
			);
			runOnlyForDeploymentPostprocessing = 0;
		};
/* End PBXSourcesBuildPhase section */

/* Begin PBXVariantGroup section */
		0D4B12A923E8340500512277 /* Main.storyboard */ = {
			isa = PBXVariantGroup;
			children = (
				0D4B12AA23E8340500512277 /* Base */,
			);
			name = Main.storyboard;
			sourceTree = "<group>";
		};
		0D4B12AE23E8340500512277 /* LaunchScreen.storyboard */ = {
			isa = PBXVariantGroup;
			children = (
				0D4B12AF23E8340500512277 /* Base */,
			);
			name = LaunchScreen.storyboard;
			sourceTree = "<group>";
		};
/* End PBXVariantGroup section */

/* Begin XCBuildConfiguration section */
		0D4B12B223E8340600512277 /* Debug */ = {
			isa = XCBuildConfiguration;
			buildSettings = {
				ALWAYS_SEARCH_USER_PATHS = NO;
				CLANG_ANALYZER_NONNULL = YES;
				CLANG_ANALYZER_NUMBER_OBJECT_CONVERSION = YES_AGGRESSIVE;
				CLANG_CXX_LANGUAGE_STANDARD = "gnu++14";
				CLANG_CXX_LIBRARY = "libc++";
				CLANG_ENABLE_MODULES = YES;
				CLANG_ENABLE_OBJC_ARC = YES;
				CLANG_ENABLE_OBJC_WEAK = YES;
				CLANG_WARN_BLOCK_CAPTURE_AUTORELEASING = YES;
				CLANG_WARN_BOOL_CONVERSION = YES;
				CLANG_WARN_COMMA = YES;
				CLANG_WARN_CONSTANT_CONVERSION = YES;
				CLANG_WARN_DEPRECATED_OBJC_IMPLEMENTATIONS = YES;
				CLANG_WARN_DIRECT_OBJC_ISA_USAGE = YES_ERROR;
				CLANG_WARN_DOCUMENTATION_COMMENTS = YES;
				CLANG_WARN_EMPTY_BODY = YES;
				CLANG_WARN_ENUM_CONVERSION = YES;
				CLANG_WARN_INFINITE_RECURSION = YES;
				CLANG_WARN_INT_CONVERSION = YES;
				CLANG_WARN_NON_LITERAL_NULL_CONVERSION = YES;
				CLANG_WARN_OBJC_IMPLICIT_RETAIN_SELF = YES;
				CLANG_WARN_OBJC_LITERAL_CONVERSION = YES;
				CLANG_WARN_OBJC_ROOT_CLASS = YES_ERROR;
				CLANG_WARN_RANGE_LOOP_ANALYSIS = YES;
				CLANG_WARN_STRICT_PROTOTYPES = YES;
				CLANG_WARN_SUSPICIOUS_MOVE = YES;
				CLANG_WARN_UNGUARDED_AVAILABILITY = YES_AGGRESSIVE;
				CLANG_WARN_UNREACHABLE_CODE = YES;
				CLANG_WARN__DUPLICATE_METHOD_MATCH = YES;
				COPY_PHASE_STRIP = NO;
				DEBUG_INFORMATION_FORMAT = dwarf;
				ENABLE_STRICT_OBJC_MSGSEND = YES;
				ENABLE_TESTABILITY = YES;
				GCC_C_LANGUAGE_STANDARD = gnu11;
				GCC_DYNAMIC_NO_PIC = NO;
				GCC_NO_COMMON_BLOCKS = YES;
				GCC_OPTIMIZATION_LEVEL = 0;
				GCC_PREPROCESSOR_DEFINITIONS = (
					"DEBUG=1",
					"$(inherited)",
				);
				GCC_WARN_64_TO_32_BIT_CONVERSION = YES;
				GCC_WARN_ABOUT_RETURN_TYPE = YES_ERROR;
				GCC_WARN_UNDECLARED_SELECTOR = YES;
				GCC_WARN_UNINITIALIZED_AUTOS = YES_AGGRESSIVE;
				GCC_WARN_UNUSED_FUNCTION = YES;
				GCC_WARN_UNUSED_VARIABLE = YES;
				IPHONEOS_DEPLOYMENT_TARGET = 13.2;
				MTL_ENABLE_DEBUG_INFO = INCLUDE_SOURCE;
				MTL_FAST_MATH = YES;
				ONLY_ACTIVE_ARCH = YES;
				SDKROOT = iphoneos;
				SWIFT_ACTIVE_COMPILATION_CONDITIONS = DEBUG;
				SWIFT_OPTIMIZATION_LEVEL = "-Onone";
			};
			name = Debug;
		};
		0D4B12B323E8340600512277 /* Release */ = {
			isa = XCBuildConfiguration;
			buildSettings = {
				ALWAYS_SEARCH_USER_PATHS = NO;
				CLANG_ANALYZER_NONNULL = YES;
				CLANG_ANALYZER_NUMBER_OBJECT_CONVERSION = YES_AGGRESSIVE;
				CLANG_CXX_LANGUAGE_STANDARD = "gnu++14";
				CLANG_CXX_LIBRARY = "libc++";
				CLANG_ENABLE_MODULES = YES;
				CLANG_ENABLE_OBJC_ARC = YES;
				CLANG_ENABLE_OBJC_WEAK = YES;
				CLANG_WARN_BLOCK_CAPTURE_AUTORELEASING = YES;
				CLANG_WARN_BOOL_CONVERSION = YES;
				CLANG_WARN_COMMA = YES;
				CLANG_WARN_CONSTANT_CONVERSION = YES;
				CLANG_WARN_DEPRECATED_OBJC_IMPLEMENTATIONS = YES;
				CLANG_WARN_DIRECT_OBJC_ISA_USAGE = YES_ERROR;
				CLANG_WARN_DOCUMENTATION_COMMENTS = YES;
				CLANG_WARN_EMPTY_BODY = YES;
				CLANG_WARN_ENUM_CONVERSION = YES;
				CLANG_WARN_INFINITE_RECURSION = YES;
				CLANG_WARN_INT_CONVERSION = YES;
				CLANG_WARN_NON_LITERAL_NULL_CONVERSION = YES;
				CLANG_WARN_OBJC_IMPLICIT_RETAIN_SELF = YES;
				CLANG_WARN_OBJC_LITERAL_CONVERSION = YES;
				CLANG_WARN_OBJC_ROOT_CLASS = YES_ERROR;
				CLANG_WARN_RANGE_LOOP_ANALYSIS = YES;
				CLANG_WARN_STRICT_PROTOTYPES = YES;
				CLANG_WARN_SUSPICIOUS_MOVE = YES;
				CLANG_WARN_UNGUARDED_AVAILABILITY = YES_AGGRESSIVE;
				CLANG_WARN_UNREACHABLE_CODE = YES;
				CLANG_WARN__DUPLICATE_METHOD_MATCH = YES;
				COPY_PHASE_STRIP = NO;
				DEBUG_INFORMATION_FORMAT = "dwarf-with-dsym";
				ENABLE_NS_ASSERTIONS = NO;
				ENABLE_STRICT_OBJC_MSGSEND = YES;
				GCC_C_LANGUAGE_STANDARD = gnu11;
				GCC_NO_COMMON_BLOCKS = YES;
				GCC_WARN_64_TO_32_BIT_CONVERSION = YES;
				GCC_WARN_ABOUT_RETURN_TYPE = YES_ERROR;
				GCC_WARN_UNDECLARED_SELECTOR = YES;
				GCC_WARN_UNINITIALIZED_AUTOS = YES_AGGRESSIVE;
				GCC_WARN_UNUSED_FUNCTION = YES;
				GCC_WARN_UNUSED_VARIABLE = YES;
				IPHONEOS_DEPLOYMENT_TARGET = 13.2;
				MTL_ENABLE_DEBUG_INFO = NO;
				MTL_FAST_MATH = YES;
				SDKROOT = iphoneos;
				SWIFT_COMPILATION_MODE = wholemodule;
				SWIFT_OPTIMIZATION_LEVEL = "-O";
				VALIDATE_PRODUCT = YES;
			};
			name = Release;
		};
		0D4B12B523E8340600512277 /* Debug */ = {
			isa = XCBuildConfiguration;
			buildSettings = {
				ASSETCATALOG_COMPILER_APPICON_NAME = AppIcon;
				CODE_SIGN_STYLE = Automatic;
				DEVELOPMENT_TEAM = RWNZ67U9C8;
				INFOPLIST_FILE = RedditTopPosts/Info.plist;
				LD_RUNPATH_SEARCH_PATHS = (
					"$(inherited)",
					"@executable_path/Frameworks",
				);
				MARKETING_VERSION = 0.0.1;
				PRODUCT_BUNDLE_IDENTIFIER = llinardos.deviget.challenge.RedditTopPosts;
				PRODUCT_NAME = "$(TARGET_NAME)";
				SWIFT_VERSION = 5.0;
				TARGETED_DEVICE_FAMILY = "1,2";
			};
			name = Debug;
		};
		0D4B12B623E8340600512277 /* Release */ = {
			isa = XCBuildConfiguration;
			buildSettings = {
				ASSETCATALOG_COMPILER_APPICON_NAME = AppIcon;
				CODE_SIGN_STYLE = Automatic;
				DEVELOPMENT_TEAM = RWNZ67U9C8;
				INFOPLIST_FILE = RedditTopPosts/Info.plist;
				LD_RUNPATH_SEARCH_PATHS = (
					"$(inherited)",
					"@executable_path/Frameworks",
				);
				MARKETING_VERSION = 0.0.1;
				PRODUCT_BUNDLE_IDENTIFIER = llinardos.deviget.challenge.RedditTopPosts;
				PRODUCT_NAME = "$(TARGET_NAME)";
				SWIFT_VERSION = 5.0;
				TARGETED_DEVICE_FAMILY = "1,2";
			};
			name = Release;
		};
/* End XCBuildConfiguration section */

/* Begin XCConfigurationList section */
		0D4B129B23E8340500512277 /* Build configuration list for PBXProject "RedditTopPosts" */ = {
			isa = XCConfigurationList;
			buildConfigurations = (
				0D4B12B223E8340600512277 /* Debug */,
				0D4B12B323E8340600512277 /* Release */,
			);
			defaultConfigurationIsVisible = 0;
			defaultConfigurationName = Release;
		};
		0D4B12B423E8340600512277 /* Build configuration list for PBXNativeTarget "RedditTopPosts" */ = {
			isa = XCConfigurationList;
			buildConfigurations = (
				0D4B12B523E8340600512277 /* Debug */,
				0D4B12B623E8340600512277 /* Release */,
			);
			defaultConfigurationIsVisible = 0;
			defaultConfigurationName = Release;
		};
/* End XCConfigurationList section */
	};
	rootObject = 0D4B129823E8340500512277 /* Project object */;
}
